
Microsoft Visual Studio Solution File, Format Version 12.00
# Visual Studio Version 16
VisualStudioVersion = 16.0.29418.71
MinimumVisualStudioVersion = 10.0.40219.1
Project("{FAE04EC0-301F-11D3-BF4B-00C04F79EFBC}") = "Chef-CHEFINSQ", "Chef-CHEFINSQ.csproj", "{CDCFCAC6-7B5C-46BB-BB84-031793912042}"
EndProject
Global
	GlobalSection(SolutionConfigurationPlatforms) = preSolution
		Debug|Any CPU = Debug|Any CPU
		Release|Any CPU = Release|Any CPU
	EndGlobalSection
	GlobalSection(ProjectConfigurationPlatforms) = postSolution
		{CDCFCAC6-7B5C-46BB-BB84-031793912042}.Debug|Any CPU.ActiveCfg = Debug|Any CPU
		{CDCFCAC6-7B5C-46BB-BB84-031793912042}.Debug|Any CPU.Build.0 = Debug|Any CPU
		{CDCFCAC6-7B5C-46BB-BB84-031793912042}.Release|Any CPU.ActiveCfg = Release|Any CPU
		{CDCFCAC6-7B5C-46BB-BB84-031793912042}.Release|Any CPU.Build.0 = Release|Any CPU
	EndGlobalSection
	GlobalSection(SolutionProperties) = preSolution
		HideSolutionNode = FALSE
	EndGlobalSection
	GlobalSection(ExtensibilityGlobals) = postSolution
		SolutionGuid = {65A51BDE-62BE-4AD9-BE53-53B77BC964B5}
	EndGlobalSection
EndGlobal
