
Microsoft Visual Studio Solution File, Format Version 12.00
# Visual Studio Version 16
VisualStudioVersion = 16.0.29806.167
MinimumVisualStudioVersion = 10.0.40219.1
Project("{FAE04EC0-301F-11D3-BF4B-00C04F79EFBC}") = "AddServiceClientHttp", "AddServiceClientHttp.csproj", "{DEA44EEF-19B2-4DF8-8193-50BFE4CEDE25}"
EndProject
Global
	GlobalSection(SolutionConfigurationPlatforms) = preSolution
		Debug|Any CPU = Debug|Any CPU
		Release|Any CPU = Release|Any CPU
	EndGlobalSection
	GlobalSection(ProjectConfigurationPlatforms) = postSolution
		{DEA44EEF-19B2-4DF8-8193-50BFE4CEDE25}.Debug|Any CPU.ActiveCfg = Debug|Any CPU
		{DEA44EEF-19B2-4DF8-8193-50BFE4CEDE25}.Debug|Any CPU.Build.0 = Debug|Any CPU
		{DEA44EEF-19B2-4DF8-8193-50BFE4CEDE25}.Release|Any CPU.ActiveCfg = Release|Any CPU
		{DEA44EEF-19B2-4DF8-8193-50BFE4CEDE25}.Release|Any CPU.Build.0 = Release|Any CPU
	EndGlobalSection
	GlobalSection(SolutionProperties) = preSolution
		HideSolutionNode = FALSE
	EndGlobalSection
	GlobalSection(ExtensibilityGlobals) = postSolution
		SolutionGuid = {1B8BD9A6-256E-4A3F-A2F1-8032454A0F4F}
	EndGlobalSection
EndGlobal
