
Microsoft Visual Studio Solution File, Format Version 12.00
# Visual Studio Version 16
VisualStudioVersion = 16.0.29613.14
MinimumVisualStudioVersion = 10.0.40219.1
Project("{FAE04EC0-301F-11D3-BF4B-00C04F79EFBC}") = "LateBindingUsing Reflection", "LateBindingUsing Reflection.csproj", "{6464140F-111F-4A81-9D29-4E188AD63E77}"
EndProject
Global
	GlobalSection(SolutionConfigurationPlatforms) = preSolution
		Debug|Any CPU = Debug|Any CPU
		Release|Any CPU = Release|Any CPU
	EndGlobalSection
	GlobalSection(ProjectConfigurationPlatforms) = postSolution
		{6464140F-111F-4A81-9D29-4E188AD63E77}.Debug|Any CPU.ActiveCfg = Debug|Any CPU
		{6464140F-111F-4A81-9D29-4E188AD63E77}.Debug|Any CPU.Build.0 = Debug|Any CPU
		{6464140F-111F-4A81-9D29-4E188AD63E77}.Release|Any CPU.ActiveCfg = Release|Any CPU
		{6464140F-111F-4A81-9D29-4E188AD63E77}.Release|Any CPU.Build.0 = Release|Any CPU
	EndGlobalSection
	GlobalSection(SolutionProperties) = preSolution
		HideSolutionNode = FALSE
	EndGlobalSection
	GlobalSection(ExtensibilityGlobals) = postSolution
		SolutionGuid = {FFECB6E5-BAC0-4CF3-8DCF-3C956742DE9B}
	EndGlobalSection
EndGlobal
