
Microsoft Visual Studio Solution File, Format Version 12.00
# Visual Studio Version 16
VisualStudioVersion = 16.0.29123.88
MinimumVisualStudioVersion = 10.0.40219.1
Project("{FAE04EC0-301F-11D3-BF4B-00C04F79EFBC}") = "ArrayInCSharp", "ArrayInCSharp.csproj", "{A0F41B65-F5CD-424A-AAE6-F21258B52640}"
EndProject
Global
	GlobalSection(SolutionConfigurationPlatforms) = preSolution
		Debug|Any CPU = Debug|Any CPU
		Release|Any CPU = Release|Any CPU
	EndGlobalSection
	GlobalSection(ProjectConfigurationPlatforms) = postSolution
		{A0F41B65-F5CD-424A-AAE6-F21258B52640}.Debug|Any CPU.ActiveCfg = Debug|Any CPU
		{A0F41B65-F5CD-424A-AAE6-F21258B52640}.Debug|Any CPU.Build.0 = Debug|Any CPU
		{A0F41B65-F5CD-424A-AAE6-F21258B52640}.Release|Any CPU.ActiveCfg = Release|Any CPU
		{A0F41B65-F5CD-424A-AAE6-F21258B52640}.Release|Any CPU.Build.0 = Release|Any CPU
	EndGlobalSection
	GlobalSection(SolutionProperties) = preSolution
		HideSolutionNode = FALSE
	EndGlobalSection
	GlobalSection(ExtensibilityGlobals) = postSolution
		SolutionGuid = {9ACCD9A2-4CF4-411D-B03A-FB27A45CA68B}
	EndGlobalSection
EndGlobal
