
Microsoft Visual Studio Solution File, Format Version 12.00
# Visual Studio Version 16
VisualStudioVersion = 16.0.29613.14
MinimumVisualStudioVersion = 10.0.40219.1
Project("{FAE04EC0-301F-11D3-BF4B-00C04F79EFBC}") = "OverrideToStringMethod", "OverrideToStringMethod.csproj", "{7ED9F48B-0DDF-49AC-8505-F094DACBF760}"
EndProject
Global
	GlobalSection(SolutionConfigurationPlatforms) = preSolution
		Debug|Any CPU = Debug|Any CPU
		Release|Any CPU = Release|Any CPU
	EndGlobalSection
	GlobalSection(ProjectConfigurationPlatforms) = postSolution
		{7ED9F48B-0DDF-49AC-8505-F094DACBF760}.Debug|Any CPU.ActiveCfg = Debug|Any CPU
		{7ED9F48B-0DDF-49AC-8505-F094DACBF760}.Debug|Any CPU.Build.0 = Debug|Any CPU
		{7ED9F48B-0DDF-49AC-8505-F094DACBF760}.Release|Any CPU.ActiveCfg = Release|Any CPU
		{7ED9F48B-0DDF-49AC-8505-F094DACBF760}.Release|Any CPU.Build.0 = Release|Any CPU
	EndGlobalSection
	GlobalSection(SolutionProperties) = preSolution
		HideSolutionNode = FALSE
	EndGlobalSection
	GlobalSection(ExtensibilityGlobals) = postSolution
		SolutionGuid = {CE7DC9E3-DC9D-4C15-9AA4-B2D262DF6C41}
	EndGlobalSection
EndGlobal
